
Microsoft Visual Studio Solution File, Format Version 12.00
# Visual Studio 15
VisualStudioVersion = 15.0.28010.2036
MinimumVisualStudioVersion = 10.0.40219.1
Project("{9A19103F-16F7-4668-BE54-9A1E7A4F7556}") = "DataRepository", "DataRepository\DataRepository.csproj", "{6DB9B5DE-83D9-4CA3-BB14-A831D9266DB6}"
EndProject
Project("{FAE04EC0-301F-11D3-BF4B-00C04F79EFBC}") = "PublicApi", "PublicApi\PublicApi.csproj", "{31E0FAE6-9A46-4B57-9767-4EA4BC334CF7}"
EndProject
Global
	GlobalSection(SolutionConfigurationPlatforms) = preSolution
		Debug|Any CPU = Debug|Any CPU
		Release|Any CPU = Release|Any CPU
	EndGlobalSection
	GlobalSection(ProjectConfigurationPlatforms) = postSolution
		{6DB9B5DE-83D9-4CA3-BB14-A831D9266DB6}.Debug|Any CPU.ActiveCfg = Debug|Any CPU
		{6DB9B5DE-83D9-4CA3-BB14-A831D9266DB6}.Debug|Any CPU.Build.0 = Debug|Any CPU
		{6DB9B5DE-83D9-4CA3-BB14-A831D9266DB6}.Release|Any CPU.ActiveCfg = Release|Any CPU
		{6DB9B5DE-83D9-4CA3-BB14-A831D9266DB6}.Release|Any CPU.Build.0 = Release|Any CPU
		{31E0FAE6-9A46-4B57-9767-4EA4BC334CF7}.Debug|Any CPU.ActiveCfg = Debug|Any CPU
		{31E0FAE6-9A46-4B57-9767-4EA4BC334CF7}.Debug|Any CPU.Build.0 = Debug|Any CPU
		{31E0FAE6-9A46-4B57-9767-4EA4BC334CF7}.Release|Any CPU.ActiveCfg = Release|Any CPU
		{31E0FAE6-9A46-4B57-9767-4EA4BC334CF7}.Release|Any CPU.Build.0 = Release|Any CPU
	EndGlobalSection
	GlobalSection(SolutionProperties) = preSolution
		HideSolutionNode = FALSE
	EndGlobalSection
	GlobalSection(ExtensibilityGlobals) = postSolution
		SolutionGuid = {DED7A091-5C26-4CFB-8AD4-98A49941ADD4}
	EndGlobalSection
EndGlobal
